
Microsoft Visual Studio Solution File, Format Version 12.00
# Visual Studio Version 16
VisualStudioVersion = 16.0.30204.135
MinimumVisualStudioVersion = 10.0.40219.1
Project("{FAE04EC0-301F-11D3-BF4B-00C04F79EFBC}") = "CreditCardLibrary", "CreditCardLibrary\CreditCardLibrary.csproj", "{5CF99F49-C05B-4579-A5B9-B446C408ACF1}"
EndProject
Project("{9A19103F-16F7-4668-BE54-9A1E7A4F7556}") = "CreditCardTest", "CreditCardTest\CreditCardTest.csproj", "{C02EBA07-E6AE-40B8-865D-793FE8B7D94B}"
EndProject
Global
	GlobalSection(SolutionConfigurationPlatforms) = preSolution
		Debug|Any CPU = Debug|Any CPU
		Release|Any CPU = Release|Any CPU
	EndGlobalSection
	GlobalSection(ProjectConfigurationPlatforms) = postSolution
		{5CF99F49-C05B-4579-A5B9-B446C408ACF1}.Debug|Any CPU.ActiveCfg = Debug|Any CPU
		{5CF99F49-C05B-4579-A5B9-B446C408ACF1}.Debug|Any CPU.Build.0 = Debug|Any CPU
		{5CF99F49-C05B-4579-A5B9-B446C408ACF1}.Release|Any CPU.ActiveCfg = Release|Any CPU
		{5CF99F49-C05B-4579-A5B9-B446C408ACF1}.Release|Any CPU.Build.0 = Release|Any CPU
		{C02EBA07-E6AE-40B8-865D-793FE8B7D94B}.Debug|Any CPU.ActiveCfg = Debug|Any CPU
		{C02EBA07-E6AE-40B8-865D-793FE8B7D94B}.Debug|Any CPU.Build.0 = Debug|Any CPU
		{C02EBA07-E6AE-40B8-865D-793FE8B7D94B}.Release|Any CPU.ActiveCfg = Release|Any CPU
		{C02EBA07-E6AE-40B8-865D-793FE8B7D94B}.Release|Any CPU.Build.0 = Release|Any CPU
	EndGlobalSection
	GlobalSection(SolutionProperties) = preSolution
		HideSolutionNode = FALSE
	EndGlobalSection
	GlobalSection(ExtensibilityGlobals) = postSolution
		SolutionGuid = {EC1045DA-2FB4-42B5-898E-839327CE2FFF}
	EndGlobalSection
EndGlobal
